
Microsoft Visual Studio Solution File, Format Version 12.00
# Visual Studio Version 16
VisualStudioVersion = 16.0.30204.135
MinimumVisualStudioVersion = 10.0.40219.1
Project("{FAE04EC0-301F-11D3-BF4B-00C04F79EFBC}") = "Tetris_WF", "Tetris_WF\Tetris_WF.csproj", "{9E776730-D5B6-400E-82A0-FFE027875056}"
EndProject
Global
	GlobalSection(SolutionConfigurationPlatforms) = preSolution
		Debug|Any CPU = Debug|Any CPU
		Release|Any CPU = Release|Any CPU
	EndGlobalSection
	GlobalSection(ProjectConfigurationPlatforms) = postSolution
		{9E776730-D5B6-400E-82A0-FFE027875056}.Debug|Any CPU.ActiveCfg = Debug|Any CPU
		{9E776730-D5B6-400E-82A0-FFE027875056}.Debug|Any CPU.Build.0 = Debug|Any CPU
		{9E776730-D5B6-400E-82A0-FFE027875056}.Release|Any CPU.ActiveCfg = Release|Any CPU
		{9E776730-D5B6-400E-82A0-FFE027875056}.Release|Any CPU.Build.0 = Release|Any CPU
	EndGlobalSection
	GlobalSection(SolutionProperties) = preSolution
		HideSolutionNode = FALSE
	EndGlobalSection
	GlobalSection(ExtensibilityGlobals) = postSolution
		SolutionGuid = {67089A86-9C17-4192-BFAF-FDDDCBE14D9D}
	EndGlobalSection
EndGlobal
